
Microsoft Visual Studio Solution File, Format Version 12.00
# Visual Studio 15
VisualStudioVersion = 15.0.28010.2016
MinimumVisualStudioVersion = 10.0.40219.1
Project("{FAE04EC0-301F-11D3-BF4B-00C04F79EFBC}") = "gPatientFeatures.Android", "gPatientFeatures\gPatientFeatures.Android\gPatientFeatures.Android.csproj", "{3649A31A-CC64-45FF-93C3-CE7F6230E686}"
EndProject
Project("{FAE04EC0-301F-11D3-BF4B-00C04F79EFBC}") = "gPatientFeatures.iOS", "gPatientFeatures\gPatientFeatures.iOS\gPatientFeatures.iOS.csproj", "{BADCC74F-E20C-458B-B587-FFB720D0B0C8}"
EndProject
Project("{9A19103F-16F7-4668-BE54-9A1E7A4F7556}") = "gPatientFeatures", "gPatientFeatures\gPatientFeatures\gPatientFeatures.csproj", "{11769197-D07D-4E3B-9C30-560AE6CE88B3}"
EndProject
Project("{9A19103F-16F7-4668-BE54-9A1E7A4F7556}") = "Glintths.MobileApps.Core", "gPatientFeatures\Core\Glintths.MobileApps.Core\Glintths.MobileApps.Core.csproj", "{145E9154-E78F-491E-8983-17C0B9DDCCE5}"
EndProject
Project("{2150E333-8FDC-42A3-9474-1A3956D46DE8}") = "Core", "Core", "{358C55F0-7C49-4361-98AD-9A52C0197EE0}"
EndProject
Project("{2150E333-8FDC-42A3-9474-1A3956D46DE8}") = "Features", "Features", "{76F3BB56-5625-4F9F-9986-B1C43A856399}"
EndProject
Project("{9A19103F-16F7-4668-BE54-9A1E7A4F7556}") = "Glintths.Apps.Base.Internationalization", "gPatientFeatures\Features\Glintths.Apps.Base.Internationalization\Glintths.Apps.Base.Internationalization.csproj", "{2A2A159A-D56C-4116-A8E3-0BEEC4B7306D}"
EndProject
Project("{FAE04EC0-301F-11D3-BF4B-00C04F79EFBC}") = "Glintths.Apps.Templates", "gPatientFeatures\Features\Glintths.Apps.Templates\Glintths.Apps.Templates.csproj", "{06149D83-3587-4B7F-ADD9-F0D1A41502DA}"
EndProject
Project("{FAE04EC0-301F-11D3-BF4B-00C04F79EFBC}") = "Glintths.Apps.Themes", "gPatientFeatures\Features\Glintths.Apps.Themes\Glintths.Apps.Themes.csproj", "{E181D3CF-9B0A-48D8-A910-D3A807360B60}"
EndProject
Project("{FAE04EC0-301F-11D3-BF4B-00C04F79EFBC}") = "Glintths.Apps.Base.Interfaces", "gPatientFeatures\Features\Glintths.Apps.Base.Interfaces\Glintths.Apps.Base.Interfaces.csproj", "{A913AD10-91C9-4707-B027-0F329EFC3AEA}"
EndProject
Global
	GlobalSection(SolutionConfigurationPlatforms) = preSolution
		Ad-Hoc|Any CPU = Ad-Hoc|Any CPU
		Ad-Hoc|iPhone = Ad-Hoc|iPhone
		Ad-Hoc|iPhoneSimulator = Ad-Hoc|iPhoneSimulator
		AppStore|Any CPU = AppStore|Any CPU
		AppStore|iPhone = AppStore|iPhone
		AppStore|iPhoneSimulator = AppStore|iPhoneSimulator
		Debug|Any CPU = Debug|Any CPU
		Debug|iPhone = Debug|iPhone
		Debug|iPhoneSimulator = Debug|iPhoneSimulator
		Release|Any CPU = Release|Any CPU
		Release|iPhone = Release|iPhone
		Release|iPhoneSimulator = Release|iPhoneSimulator
	EndGlobalSection
	GlobalSection(ProjectConfigurationPlatforms) = postSolution
		{3649A31A-CC64-45FF-93C3-CE7F6230E686}.Ad-Hoc|Any CPU.ActiveCfg = Release|Any CPU
		{3649A31A-CC64-45FF-93C3-CE7F6230E686}.Ad-Hoc|Any CPU.Build.0 = Release|Any CPU
		{3649A31A-CC64-45FF-93C3-CE7F6230E686}.Ad-Hoc|Any CPU.Deploy.0 = Release|Any CPU
		{3649A31A-CC64-45FF-93C3-CE7F6230E686}.Ad-Hoc|iPhone.ActiveCfg = Release|Any CPU
		{3649A31A-CC64-45FF-93C3-CE7F6230E686}.Ad-Hoc|iPhone.Build.0 = Release|Any CPU
		{3649A31A-CC64-45FF-93C3-CE7F6230E686}.Ad-Hoc|iPhone.Deploy.0 = Release|Any CPU
		{3649A31A-CC64-45FF-93C3-CE7F6230E686}.Ad-Hoc|iPhoneSimulator.ActiveCfg = Release|Any CPU
		{3649A31A-CC64-45FF-93C3-CE7F6230E686}.Ad-Hoc|iPhoneSimulator.Build.0 = Release|Any CPU
		{3649A31A-CC64-45FF-93C3-CE7F6230E686}.Ad-Hoc|iPhoneSimulator.Deploy.0 = Release|Any CPU
		{3649A31A-CC64-45FF-93C3-CE7F6230E686}.AppStore|Any CPU.ActiveCfg = Release|Any CPU
		{3649A31A-CC64-45FF-93C3-CE7F6230E686}.AppStore|Any CPU.Build.0 = Release|Any CPU
		{3649A31A-CC64-45FF-93C3-CE7F6230E686}.AppStore|Any CPU.Deploy.0 = Release|Any CPU
		{3649A31A-CC64-45FF-93C3-CE7F6230E686}.AppStore|iPhone.ActiveCfg = Release|Any CPU
		{3649A31A-CC64-45FF-93C3-CE7F6230E686}.AppStore|iPhone.Build.0 = Release|Any CPU
		{3649A31A-CC64-45FF-93C3-CE7F6230E686}.AppStore|iPhone.Deploy.0 = Release|Any CPU
		{3649A31A-CC64-45FF-93C3-CE7F6230E686}.AppStore|iPhoneSimulator.ActiveCfg = Release|Any CPU
		{3649A31A-CC64-45FF-93C3-CE7F6230E686}.AppStore|iPhoneSimulator.Build.0 = Release|Any CPU
		{3649A31A-CC64-45FF-93C3-CE7F6230E686}.AppStore|iPhoneSimulator.Deploy.0 = Release|Any CPU
		{3649A31A-CC64-45FF-93C3-CE7F6230E686}.Debug|Any CPU.ActiveCfg = Debug|Any CPU
		{3649A31A-CC64-45FF-93C3-CE7F6230E686}.Debug|Any CPU.Build.0 = Debug|Any CPU
		{3649A31A-CC64-45FF-93C3-CE7F6230E686}.Debug|Any CPU.Deploy.0 = Debug|Any CPU
		{3649A31A-CC64-45FF-93C3-CE7F6230E686}.Debug|iPhone.ActiveCfg = Debug|Any CPU
		{3649A31A-CC64-45FF-93C3-CE7F6230E686}.Debug|iPhone.Build.0 = Debug|Any CPU
		{3649A31A-CC64-45FF-93C3-CE7F6230E686}.Debug|iPhone.Deploy.0 = Debug|Any CPU
		{3649A31A-CC64-45FF-93C3-CE7F6230E686}.Debug|iPhoneSimulator.ActiveCfg = Debug|Any CPU
		{3649A31A-CC64-45FF-93C3-CE7F6230E686}.Debug|iPhoneSimulator.Build.0 = Debug|Any CPU
		{3649A31A-CC64-45FF-93C3-CE7F6230E686}.Debug|iPhoneSimulator.Deploy.0 = Debug|Any CPU
		{3649A31A-CC64-45FF-93C3-CE7F6230E686}.Release|Any CPU.ActiveCfg = Release|Any CPU
		{3649A31A-CC64-45FF-93C3-CE7F6230E686}.Release|Any CPU.Build.0 = Release|Any CPU
		{3649A31A-CC64-45FF-93C3-CE7F6230E686}.Release|Any CPU.Deploy.0 = Release|Any CPU
		{3649A31A-CC64-45FF-93C3-CE7F6230E686}.Release|iPhone.ActiveCfg = Release|Any CPU
		{3649A31A-CC64-45FF-93C3-CE7F6230E686}.Release|iPhone.Build.0 = Release|Any CPU
		{3649A31A-CC64-45FF-93C3-CE7F6230E686}.Release|iPhone.Deploy.0 = Release|Any CPU
		{3649A31A-CC64-45FF-93C3-CE7F6230E686}.Release|iPhoneSimulator.ActiveCfg = Release|Any CPU
		{3649A31A-CC64-45FF-93C3-CE7F6230E686}.Release|iPhoneSimulator.Build.0 = Release|Any CPU
		{3649A31A-CC64-45FF-93C3-CE7F6230E686}.Release|iPhoneSimulator.Deploy.0 = Release|Any CPU
		{BADCC74F-E20C-458B-B587-FFB720D0B0C8}.Ad-Hoc|Any CPU.ActiveCfg = Ad-Hoc|iPhone
		{BADCC74F-E20C-458B-B587-FFB720D0B0C8}.Ad-Hoc|Any CPU.Build.0 = Ad-Hoc|iPhone
		{BADCC74F-E20C-458B-B587-FFB720D0B0C8}.Ad-Hoc|Any CPU.Deploy.0 = Ad-Hoc|iPhone
		{BADCC74F-E20C-458B-B587-FFB720D0B0C8}.Ad-Hoc|iPhone.ActiveCfg = Ad-Hoc|iPhone
		{BADCC74F-E20C-458B-B587-FFB720D0B0C8}.Ad-Hoc|iPhone.Build.0 = Ad-Hoc|iPhone
		{BADCC74F-E20C-458B-B587-FFB720D0B0C8}.Ad-Hoc|iPhone.Deploy.0 = Ad-Hoc|iPhone
		{BADCC74F-E20C-458B-B587-FFB720D0B0C8}.Ad-Hoc|iPhoneSimulator.ActiveCfg = Ad-Hoc|iPhoneSimulator
		{BADCC74F-E20C-458B-B587-FFB720D0B0C8}.Ad-Hoc|iPhoneSimulator.Build.0 = Ad-Hoc|iPhoneSimulator
		{BADCC74F-E20C-458B-B587-FFB720D0B0C8}.Ad-Hoc|iPhoneSimulator.Deploy.0 = Ad-Hoc|iPhoneSimulator
		{BADCC74F-E20C-458B-B587-FFB720D0B0C8}.AppStore|Any CPU.ActiveCfg = AppStore|iPhone
		{BADCC74F-E20C-458B-B587-FFB720D0B0C8}.AppStore|Any CPU.Build.0 = AppStore|iPhone
		{BADCC74F-E20C-458B-B587-FFB720D0B0C8}.AppStore|Any CPU.Deploy.0 = AppStore|iPhone
		{BADCC74F-E20C-458B-B587-FFB720D0B0C8}.AppStore|iPhone.ActiveCfg = AppStore|iPhone
		{BADCC74F-E20C-458B-B587-FFB720D0B0C8}.AppStore|iPhone.Build.0 = AppStore|iPhone
		{BADCC74F-E20C-458B-B587-FFB720D0B0C8}.AppStore|iPhone.Deploy.0 = AppStore|iPhone
		{BADCC74F-E20C-458B-B587-FFB720D0B0C8}.AppStore|iPhoneSimulator.ActiveCfg = AppStore|iPhoneSimulator
		{BADCC74F-E20C-458B-B587-FFB720D0B0C8}.AppStore|iPhoneSimulator.Build.0 = AppStore|iPhoneSimulator
		{BADCC74F-E20C-458B-B587-FFB720D0B0C8}.AppStore|iPhoneSimulator.Deploy.0 = AppStore|iPhoneSimulator
		{BADCC74F-E20C-458B-B587-FFB720D0B0C8}.Debug|Any CPU.ActiveCfg = Debug|iPhoneSimulator
		{BADCC74F-E20C-458B-B587-FFB720D0B0C8}.Debug|Any CPU.Build.0 = Debug|iPhoneSimulator
		{BADCC74F-E20C-458B-B587-FFB720D0B0C8}.Debug|Any CPU.Deploy.0 = Debug|iPhoneSimulator
		{BADCC74F-E20C-458B-B587-FFB720D0B0C8}.Debug|iPhone.ActiveCfg = Debug|iPhone
		{BADCC74F-E20C-458B-B587-FFB720D0B0C8}.Debug|iPhone.Build.0 = Debug|iPhone
		{BADCC74F-E20C-458B-B587-FFB720D0B0C8}.Debug|iPhone.Deploy.0 = Debug|iPhone
		{BADCC74F-E20C-458B-B587-FFB720D0B0C8}.Debug|iPhoneSimulator.ActiveCfg = Debug|iPhoneSimulator
		{BADCC74F-E20C-458B-B587-FFB720D0B0C8}.Debug|iPhoneSimulator.Build.0 = Debug|iPhoneSimulator
		{BADCC74F-E20C-458B-B587-FFB720D0B0C8}.Debug|iPhoneSimulator.Deploy.0 = Debug|iPhoneSimulator
		{BADCC74F-E20C-458B-B587-FFB720D0B0C8}.Release|Any CPU.ActiveCfg = Release|iPhone
		{BADCC74F-E20C-458B-B587-FFB720D0B0C8}.Release|Any CPU.Build.0 = Release|iPhone
		{BADCC74F-E20C-458B-B587-FFB720D0B0C8}.Release|Any CPU.Deploy.0 = Release|iPhone
		{BADCC74F-E20C-458B-B587-FFB720D0B0C8}.Release|iPhone.ActiveCfg = Release|iPhone
		{BADCC74F-E20C-458B-B587-FFB720D0B0C8}.Release|iPhone.Build.0 = Release|iPhone
		{BADCC74F-E20C-458B-B587-FFB720D0B0C8}.Release|iPhone.Deploy.0 = Release|iPhone
		{BADCC74F-E20C-458B-B587-FFB720D0B0C8}.Release|iPhoneSimulator.ActiveCfg = Release|iPhoneSimulator
		{BADCC74F-E20C-458B-B587-FFB720D0B0C8}.Release|iPhoneSimulator.Build.0 = Release|iPhoneSimulator
		{BADCC74F-E20C-458B-B587-FFB720D0B0C8}.Release|iPhoneSimulator.Deploy.0 = Release|iPhoneSimulator
		{11769197-D07D-4E3B-9C30-560AE6CE88B3}.Ad-Hoc|Any CPU.ActiveCfg = Debug|Any CPU
		{11769197-D07D-4E3B-9C30-560AE6CE88B3}.Ad-Hoc|Any CPU.Build.0 = Debug|Any CPU
		{11769197-D07D-4E3B-9C30-560AE6CE88B3}.Ad-Hoc|Any CPU.Deploy.0 = Debug|Any CPU
		{11769197-D07D-4E3B-9C30-560AE6CE88B3}.Ad-Hoc|iPhone.ActiveCfg = Debug|Any CPU
		{11769197-D07D-4E3B-9C30-560AE6CE88B3}.Ad-Hoc|iPhone.Build.0 = Debug|Any CPU
		{11769197-D07D-4E3B-9C30-560AE6CE88B3}.Ad-Hoc|iPhone.Deploy.0 = Debug|Any CPU
		{11769197-D07D-4E3B-9C30-560AE6CE88B3}.Ad-Hoc|iPhoneSimulator.ActiveCfg = Debug|Any CPU
		{11769197-D07D-4E3B-9C30-560AE6CE88B3}.Ad-Hoc|iPhoneSimulator.Build.0 = Debug|Any CPU
		{11769197-D07D-4E3B-9C30-560AE6CE88B3}.Ad-Hoc|iPhoneSimulator.Deploy.0 = Debug|Any CPU
		{11769197-D07D-4E3B-9C30-560AE6CE88B3}.AppStore|Any CPU.ActiveCfg = Debug|Any CPU
		{11769197-D07D-4E3B-9C30-560AE6CE88B3}.AppStore|Any CPU.Build.0 = Debug|Any CPU
		{11769197-D07D-4E3B-9C30-560AE6CE88B3}.AppStore|Any CPU.Deploy.0 = Debug|Any CPU
		{11769197-D07D-4E3B-9C30-560AE6CE88B3}.AppStore|iPhone.ActiveCfg = Debug|Any CPU
		{11769197-D07D-4E3B-9C30-560AE6CE88B3}.AppStore|iPhone.Build.0 = Debug|Any CPU
		{11769197-D07D-4E3B-9C30-560AE6CE88B3}.AppStore|iPhone.Deploy.0 = Debug|Any CPU
		{11769197-D07D-4E3B-9C30-560AE6CE88B3}.AppStore|iPhoneSimulator.ActiveCfg = Debug|Any CPU
		{11769197-D07D-4E3B-9C30-560AE6CE88B3}.AppStore|iPhoneSimulator.Build.0 = Debug|Any CPU
		{11769197-D07D-4E3B-9C30-560AE6CE88B3}.AppStore|iPhoneSimulator.Deploy.0 = Debug|Any CPU
		{11769197-D07D-4E3B-9C30-560AE6CE88B3}.Debug|Any CPU.ActiveCfg = Debug|Any CPU
		{11769197-D07D-4E3B-9C30-560AE6CE88B3}.Debug|Any CPU.Build.0 = Debug|Any CPU
		{11769197-D07D-4E3B-9C30-560AE6CE88B3}.Debug|Any CPU.Deploy.0 = Debug|Any CPU
		{11769197-D07D-4E3B-9C30-560AE6CE88B3}.Debug|iPhone.ActiveCfg = Debug|Any CPU
		{11769197-D07D-4E3B-9C30-560AE6CE88B3}.Debug|iPhone.Build.0 = Debug|Any CPU
		{11769197-D07D-4E3B-9C30-560AE6CE88B3}.Debug|iPhone.Deploy.0 = Debug|Any CPU
		{11769197-D07D-4E3B-9C30-560AE6CE88B3}.Debug|iPhoneSimulator.ActiveCfg = Debug|Any CPU
		{11769197-D07D-4E3B-9C30-560AE6CE88B3}.Debug|iPhoneSimulator.Build.0 = Debug|Any CPU
		{11769197-D07D-4E3B-9C30-560AE6CE88B3}.Debug|iPhoneSimulator.Deploy.0 = Debug|Any CPU
		{11769197-D07D-4E3B-9C30-560AE6CE88B3}.Release|Any CPU.ActiveCfg = Release|Any CPU
		{11769197-D07D-4E3B-9C30-560AE6CE88B3}.Release|Any CPU.Build.0 = Release|Any CPU
		{11769197-D07D-4E3B-9C30-560AE6CE88B3}.Release|Any CPU.Deploy.0 = Release|Any CPU
		{11769197-D07D-4E3B-9C30-560AE6CE88B3}.Release|iPhone.ActiveCfg = Release|Any CPU
		{11769197-D07D-4E3B-9C30-560AE6CE88B3}.Release|iPhone.Build.0 = Release|Any CPU
		{11769197-D07D-4E3B-9C30-560AE6CE88B3}.Release|iPhone.Deploy.0 = Release|Any CPU
		{11769197-D07D-4E3B-9C30-560AE6CE88B3}.Release|iPhoneSimulator.ActiveCfg = Release|Any CPU
		{11769197-D07D-4E3B-9C30-560AE6CE88B3}.Release|iPhoneSimulator.Build.0 = Release|Any CPU
		{11769197-D07D-4E3B-9C30-560AE6CE88B3}.Release|iPhoneSimulator.Deploy.0 = Release|Any CPU
		{145E9154-E78F-491E-8983-17C0B9DDCCE5}.Ad-Hoc|Any CPU.ActiveCfg = Debug|Any CPU
		{145E9154-E78F-491E-8983-17C0B9DDCCE5}.Ad-Hoc|Any CPU.Build.0 = Debug|Any CPU
		{145E9154-E78F-491E-8983-17C0B9DDCCE5}.Ad-Hoc|iPhone.ActiveCfg = Debug|Any CPU
		{145E9154-E78F-491E-8983-17C0B9DDCCE5}.Ad-Hoc|iPhone.Build.0 = Debug|Any CPU
		{145E9154-E78F-491E-8983-17C0B9DDCCE5}.Ad-Hoc|iPhoneSimulator.ActiveCfg = Debug|Any CPU
		{145E9154-E78F-491E-8983-17C0B9DDCCE5}.Ad-Hoc|iPhoneSimulator.Build.0 = Debug|Any CPU
		{145E9154-E78F-491E-8983-17C0B9DDCCE5}.AppStore|Any CPU.ActiveCfg = Debug|Any CPU
		{145E9154-E78F-491E-8983-17C0B9DDCCE5}.AppStore|Any CPU.Build.0 = Debug|Any CPU
		{145E9154-E78F-491E-8983-17C0B9DDCCE5}.AppStore|iPhone.ActiveCfg = Debug|Any CPU
		{145E9154-E78F-491E-8983-17C0B9DDCCE5}.AppStore|iPhone.Build.0 = Debug|Any CPU
		{145E9154-E78F-491E-8983-17C0B9DDCCE5}.AppStore|iPhoneSimulator.ActiveCfg = Debug|Any CPU
		{145E9154-E78F-491E-8983-17C0B9DDCCE5}.AppStore|iPhoneSimulator.Build.0 = Debug|Any CPU
		{145E9154-E78F-491E-8983-17C0B9DDCCE5}.Debug|Any CPU.ActiveCfg = Debug|Any CPU
		{145E9154-E78F-491E-8983-17C0B9DDCCE5}.Debug|Any CPU.Build.0 = Debug|Any CPU
		{145E9154-E78F-491E-8983-17C0B9DDCCE5}.Debug|iPhone.ActiveCfg = Debug|Any CPU
		{145E9154-E78F-491E-8983-17C0B9DDCCE5}.Debug|iPhone.Build.0 = Debug|Any CPU
		{145E9154-E78F-491E-8983-17C0B9DDCCE5}.Debug|iPhoneSimulator.ActiveCfg = Debug|Any CPU
		{145E9154-E78F-491E-8983-17C0B9DDCCE5}.Debug|iPhoneSimulator.Build.0 = Debug|Any CPU
		{145E9154-E78F-491E-8983-17C0B9DDCCE5}.Release|Any CPU.ActiveCfg = Release|Any CPU
		{145E9154-E78F-491E-8983-17C0B9DDCCE5}.Release|Any CPU.Build.0 = Release|Any CPU
		{145E9154-E78F-491E-8983-17C0B9DDCCE5}.Release|iPhone.ActiveCfg = Release|Any CPU
		{145E9154-E78F-491E-8983-17C0B9DDCCE5}.Release|iPhone.Build.0 = Release|Any CPU
		{145E9154-E78F-491E-8983-17C0B9DDCCE5}.Release|iPhoneSimulator.ActiveCfg = Release|Any CPU
		{145E9154-E78F-491E-8983-17C0B9DDCCE5}.Release|iPhoneSimulator.Build.0 = Release|Any CPU
		{2A2A159A-D56C-4116-A8E3-0BEEC4B7306D}.Ad-Hoc|Any CPU.ActiveCfg = Debug|Any CPU
		{2A2A159A-D56C-4116-A8E3-0BEEC4B7306D}.Ad-Hoc|Any CPU.Build.0 = Debug|Any CPU
		{2A2A159A-D56C-4116-A8E3-0BEEC4B7306D}.Ad-Hoc|iPhone.ActiveCfg = Debug|Any CPU
		{2A2A159A-D56C-4116-A8E3-0BEEC4B7306D}.Ad-Hoc|iPhone.Build.0 = Debug|Any CPU
		{2A2A159A-D56C-4116-A8E3-0BEEC4B7306D}.Ad-Hoc|iPhoneSimulator.ActiveCfg = Debug|Any CPU
		{2A2A159A-D56C-4116-A8E3-0BEEC4B7306D}.Ad-Hoc|iPhoneSimulator.Build.0 = Debug|Any CPU
		{2A2A159A-D56C-4116-A8E3-0BEEC4B7306D}.AppStore|Any CPU.ActiveCfg = Debug|Any CPU
		{2A2A159A-D56C-4116-A8E3-0BEEC4B7306D}.AppStore|Any CPU.Build.0 = Debug|Any CPU
		{2A2A159A-D56C-4116-A8E3-0BEEC4B7306D}.AppStore|iPhone.ActiveCfg = Debug|Any CPU
		{2A2A159A-D56C-4116-A8E3-0BEEC4B7306D}.AppStore|iPhone.Build.0 = Debug|Any CPU
		{2A2A159A-D56C-4116-A8E3-0BEEC4B7306D}.AppStore|iPhoneSimulator.ActiveCfg = Debug|Any CPU
		{2A2A159A-D56C-4116-A8E3-0BEEC4B7306D}.AppStore|iPhoneSimulator.Build.0 = Debug|Any CPU
		{2A2A159A-D56C-4116-A8E3-0BEEC4B7306D}.Debug|Any CPU.ActiveCfg = Debug|Any CPU
		{2A2A159A-D56C-4116-A8E3-0BEEC4B7306D}.Debug|Any CPU.Build.0 = Debug|Any CPU
		{2A2A159A-D56C-4116-A8E3-0BEEC4B7306D}.Debug|iPhone.ActiveCfg = Debug|Any CPU
		{2A2A159A-D56C-4116-A8E3-0BEEC4B7306D}.Debug|iPhone.Build.0 = Debug|Any CPU
		{2A2A159A-D56C-4116-A8E3-0BEEC4B7306D}.Debug|iPhoneSimulator.ActiveCfg = Debug|Any CPU
		{2A2A159A-D56C-4116-A8E3-0BEEC4B7306D}.Debug|iPhoneSimulator.Build.0 = Debug|Any CPU
		{2A2A159A-D56C-4116-A8E3-0BEEC4B7306D}.Release|Any CPU.ActiveCfg = Release|Any CPU
		{2A2A159A-D56C-4116-A8E3-0BEEC4B7306D}.Release|Any CPU.Build.0 = Release|Any CPU
		{2A2A159A-D56C-4116-A8E3-0BEEC4B7306D}.Release|iPhone.ActiveCfg = Release|Any CPU
		{2A2A159A-D56C-4116-A8E3-0BEEC4B7306D}.Release|iPhone.Build.0 = Release|Any CPU
		{2A2A159A-D56C-4116-A8E3-0BEEC4B7306D}.Release|iPhoneSimulator.ActiveCfg = Release|Any CPU
		{2A2A159A-D56C-4116-A8E3-0BEEC4B7306D}.Release|iPhoneSimulator.Build.0 = Release|Any CPU
		{06149D83-3587-4B7F-ADD9-F0D1A41502DA}.Ad-Hoc|Any CPU.ActiveCfg = Debug|Any CPU
		{06149D83-3587-4B7F-ADD9-F0D1A41502DA}.Ad-Hoc|Any CPU.Build.0 = Debug|Any CPU
		{06149D83-3587-4B7F-ADD9-F0D1A41502DA}.Ad-Hoc|iPhone.ActiveCfg = Debug|Any CPU
		{06149D83-3587-4B7F-ADD9-F0D1A41502DA}.Ad-Hoc|iPhone.Build.0 = Debug|Any CPU
		{06149D83-3587-4B7F-ADD9-F0D1A41502DA}.Ad-Hoc|iPhoneSimulator.ActiveCfg = Debug|Any CPU
		{06149D83-3587-4B7F-ADD9-F0D1A41502DA}.Ad-Hoc|iPhoneSimulator.Build.0 = Debug|Any CPU
		{06149D83-3587-4B7F-ADD9-F0D1A41502DA}.AppStore|Any CPU.ActiveCfg = Debug|Any CPU
		{06149D83-3587-4B7F-ADD9-F0D1A41502DA}.AppStore|Any CPU.Build.0 = Debug|Any CPU
		{06149D83-3587-4B7F-ADD9-F0D1A41502DA}.AppStore|iPhone.ActiveCfg = Debug|Any CPU
		{06149D83-3587-4B7F-ADD9-F0D1A41502DA}.AppStore|iPhone.Build.0 = Debug|Any CPU
		{06149D83-3587-4B7F-ADD9-F0D1A41502DA}.AppStore|iPhoneSimulator.ActiveCfg = Debug|Any CPU
		{06149D83-3587-4B7F-ADD9-F0D1A41502DA}.AppStore|iPhoneSimulator.Build.0 = Debug|Any CPU
		{06149D83-3587-4B7F-ADD9-F0D1A41502DA}.Debug|Any CPU.ActiveCfg = Debug|Any CPU
		{06149D83-3587-4B7F-ADD9-F0D1A41502DA}.Debug|Any CPU.Build.0 = Debug|Any CPU
		{06149D83-3587-4B7F-ADD9-F0D1A41502DA}.Debug|iPhone.ActiveCfg = Debug|Any CPU
		{06149D83-3587-4B7F-ADD9-F0D1A41502DA}.Debug|iPhone.Build.0 = Debug|Any CPU
		{06149D83-3587-4B7F-ADD9-F0D1A41502DA}.Debug|iPhoneSimulator.ActiveCfg = Debug|Any CPU
		{06149D83-3587-4B7F-ADD9-F0D1A41502DA}.Debug|iPhoneSimulator.Build.0 = Debug|Any CPU
		{06149D83-3587-4B7F-ADD9-F0D1A41502DA}.Release|Any CPU.ActiveCfg = Release|Any CPU
		{06149D83-3587-4B7F-ADD9-F0D1A41502DA}.Release|Any CPU.Build.0 = Release|Any CPU
		{06149D83-3587-4B7F-ADD9-F0D1A41502DA}.Release|iPhone.ActiveCfg = Release|Any CPU
		{06149D83-3587-4B7F-ADD9-F0D1A41502DA}.Release|iPhone.Build.0 = Release|Any CPU
		{06149D83-3587-4B7F-ADD9-F0D1A41502DA}.Release|iPhoneSimulator.ActiveCfg = Release|Any CPU
		{06149D83-3587-4B7F-ADD9-F0D1A41502DA}.Release|iPhoneSimulator.Build.0 = Release|Any CPU
		{E181D3CF-9B0A-48D8-A910-D3A807360B60}.Ad-Hoc|Any CPU.ActiveCfg = Debug|Any CPU
		{E181D3CF-9B0A-48D8-A910-D3A807360B60}.Ad-Hoc|Any CPU.Build.0 = Debug|Any CPU
		{E181D3CF-9B0A-48D8-A910-D3A807360B60}.Ad-Hoc|iPhone.ActiveCfg = Debug|Any CPU
		{E181D3CF-9B0A-48D8-A910-D3A807360B60}.Ad-Hoc|iPhone.Build.0 = Debug|Any CPU
		{E181D3CF-9B0A-48D8-A910-D3A807360B60}.Ad-Hoc|iPhoneSimulator.ActiveCfg = Debug|Any CPU
		{E181D3CF-9B0A-48D8-A910-D3A807360B60}.Ad-Hoc|iPhoneSimulator.Build.0 = Debug|Any CPU
		{E181D3CF-9B0A-48D8-A910-D3A807360B60}.AppStore|Any CPU.ActiveCfg = Debug|Any CPU
		{E181D3CF-9B0A-48D8-A910-D3A807360B60}.AppStore|Any CPU.Build.0 = Debug|Any CPU
		{E181D3CF-9B0A-48D8-A910-D3A807360B60}.AppStore|iPhone.ActiveCfg = Debug|Any CPU
		{E181D3CF-9B0A-48D8-A910-D3A807360B60}.AppStore|iPhone.Build.0 = Debug|Any CPU
		{E181D3CF-9B0A-48D8-A910-D3A807360B60}.AppStore|iPhoneSimulator.ActiveCfg = Debug|Any CPU
		{E181D3CF-9B0A-48D8-A910-D3A807360B60}.AppStore|iPhoneSimulator.Build.0 = Debug|Any CPU
		{E181D3CF-9B0A-48D8-A910-D3A807360B60}.Debug|Any CPU.ActiveCfg = Debug|Any CPU
		{E181D3CF-9B0A-48D8-A910-D3A807360B60}.Debug|Any CPU.Build.0 = Debug|Any CPU
		{E181D3CF-9B0A-48D8-A910-D3A807360B60}.Debug|iPhone.ActiveCfg = Debug|Any CPU
		{E181D3CF-9B0A-48D8-A910-D3A807360B60}.Debug|iPhone.Build.0 = Debug|Any CPU
		{E181D3CF-9B0A-48D8-A910-D3A807360B60}.Debug|iPhoneSimulator.ActiveCfg = Debug|Any CPU
		{E181D3CF-9B0A-48D8-A910-D3A807360B60}.Debug|iPhoneSimulator.Build.0 = Debug|Any CPU
		{E181D3CF-9B0A-48D8-A910-D3A807360B60}.Release|Any CPU.ActiveCfg = Release|Any CPU
		{E181D3CF-9B0A-48D8-A910-D3A807360B60}.Release|Any CPU.Build.0 = Release|Any CPU
		{E181D3CF-9B0A-48D8-A910-D3A807360B60}.Release|iPhone.ActiveCfg = Release|Any CPU
		{E181D3CF-9B0A-48D8-A910-D3A807360B60}.Release|iPhone.Build.0 = Release|Any CPU
		{E181D3CF-9B0A-48D8-A910-D3A807360B60}.Release|iPhoneSimulator.ActiveCfg = Release|Any CPU
		{E181D3CF-9B0A-48D8-A910-D3A807360B60}.Release|iPhoneSimulator.Build.0 = Release|Any CPU
		{A913AD10-91C9-4707-B027-0F329EFC3AEA}.Ad-Hoc|Any CPU.ActiveCfg = Debug|Any CPU
		{A913AD10-91C9-4707-B027-0F329EFC3AEA}.Ad-Hoc|Any CPU.Build.0 = Debug|Any CPU
		{A913AD10-91C9-4707-B027-0F329EFC3AEA}.Ad-Hoc|iPhone.ActiveCfg = Debug|Any CPU
		{A913AD10-91C9-4707-B027-0F329EFC3AEA}.Ad-Hoc|iPhone.Build.0 = Debug|Any CPU
		{A913AD10-91C9-4707-B027-0F329EFC3AEA}.Ad-Hoc|iPhoneSimulator.ActiveCfg = Debug|Any CPU
		{A913AD10-91C9-4707-B027-0F329EFC3AEA}.Ad-Hoc|iPhoneSimulator.Build.0 = Debug|Any CPU
		{A913AD10-91C9-4707-B027-0F329EFC3AEA}.AppStore|Any CPU.ActiveCfg = Debug|Any CPU
		{A913AD10-91C9-4707-B027-0F329EFC3AEA}.AppStore|Any CPU.Build.0 = Debug|Any CPU
		{A913AD10-91C9-4707-B027-0F329EFC3AEA}.AppStore|iPhone.ActiveCfg = Debug|Any CPU
		{A913AD10-91C9-4707-B027-0F329EFC3AEA}.AppStore|iPhone.Build.0 = Debug|Any CPU
		{A913AD10-91C9-4707-B027-0F329EFC3AEA}.AppStore|iPhoneSimulator.ActiveCfg = Debug|Any CPU
		{A913AD10-91C9-4707-B027-0F329EFC3AEA}.AppStore|iPhoneSimulator.Build.0 = Debug|Any CPU
		{A913AD10-91C9-4707-B027-0F329EFC3AEA}.Debug|Any CPU.ActiveCfg = Debug|Any CPU
		{A913AD10-91C9-4707-B027-0F329EFC3AEA}.Debug|Any CPU.Build.0 = Debug|Any CPU
		{A913AD10-91C9-4707-B027-0F329EFC3AEA}.Debug|iPhone.ActiveCfg = Debug|Any CPU
		{A913AD10-91C9-4707-B027-0F329EFC3AEA}.Debug|iPhone.Build.0 = Debug|Any CPU
		{A913AD10-91C9-4707-B027-0F329EFC3AEA}.Debug|iPhoneSimulator.ActiveCfg = Debug|Any CPU
		{A913AD10-91C9-4707-B027-0F329EFC3AEA}.Debug|iPhoneSimulator.Build.0 = Debug|Any CPU
		{A913AD10-91C9-4707-B027-0F329EFC3AEA}.Release|Any CPU.ActiveCfg = Release|Any CPU
		{A913AD10-91C9-4707-B027-0F329EFC3AEA}.Release|Any CPU.Build.0 = Release|Any CPU
		{A913AD10-91C9-4707-B027-0F329EFC3AEA}.Release|iPhone.ActiveCfg = Release|Any CPU
		{A913AD10-91C9-4707-B027-0F329EFC3AEA}.Release|iPhone.Build.0 = Release|Any CPU
		{A913AD10-91C9-4707-B027-0F329EFC3AEA}.Release|iPhoneSimulator.ActiveCfg = Release|Any CPU
		{A913AD10-91C9-4707-B027-0F329EFC3AEA}.Release|iPhoneSimulator.Build.0 = Release|Any CPU
	EndGlobalSection
	GlobalSection(SolutionProperties) = preSolution
		HideSolutionNode = FALSE
	EndGlobalSection
	GlobalSection(NestedProjects) = preSolution
		{145E9154-E78F-491E-8983-17C0B9DDCCE5} = {358C55F0-7C49-4361-98AD-9A52C0197EE0}
		{2A2A159A-D56C-4116-A8E3-0BEEC4B7306D} = {76F3BB56-5625-4F9F-9986-B1C43A856399}
		{06149D83-3587-4B7F-ADD9-F0D1A41502DA} = {76F3BB56-5625-4F9F-9986-B1C43A856399}
		{E181D3CF-9B0A-48D8-A910-D3A807360B60} = {76F3BB56-5625-4F9F-9986-B1C43A856399}
		{A913AD10-91C9-4707-B027-0F329EFC3AEA} = {76F3BB56-5625-4F9F-9986-B1C43A856399}
	EndGlobalSection
	GlobalSection(ExtensibilityGlobals) = postSolution
		SolutionGuid = {E518033C-7825-449D-A109-A2FB4C9205F4}
	EndGlobalSection
EndGlobal
